// !$*UTF8*$!
{
	archiveVersion = 1;
	classes = {
	};
	objectVersion = 46;
	objects = {

/* Begin PBXBuildFile section */
		0F3B74F61CD2539200E8F8C1 /* main.m in Sources */ = {isa = PBXBuildFile; fileRef = 0F3B74F51CD2539200E8F8C1 /* main.m */; };
		0F3B74F91CD2539200E8F8C1 /* AppDelegate.m in Sources */ = {isa = PBXBuildFile; fileRef = 0F3B74F81CD2539200E8F8C1 /* AppDelegate.m */; };
		0F3B75011CD2539200E8F8C1 /* Assets.xcassets in Resources */ = {isa = PBXBuildFile; fileRef = 0F3B75001CD2539200E8F8C1 /* Assets.xcassets */; };
		0F3B75041CD2539200E8F8C1 /* LaunchScreen.storyboard in Resources */ = {isa = PBXBuildFile; fileRef = 0F3B75021CD2539200E8F8C1 /* LaunchScreen.storyboard */; };
		B09A172BCF4D9675933348A0 /* libPods-TestApplication.a in Frameworks */ = {isa = PBXBuildFile; fileRef = 5A5A0CE42F2D5A6632CA2491 /* libPods-TestApplication.a */; };
		FAEFA1DA215C35F800FADBD5 /* MyRow.m in Sources */ = {isa = PBXBuildFile; fileRef = FAEFA1D9215C35F700FADBD5 /* MyRow.m */; };
		FAEFA1DD215C37AD00FADBD5 /* MyRowListViewModel.m in Sources */ = {isa = PBXBuildFile; fileRef = FAEFA1DC215C37AD00FADBD5 /* MyRowListViewModel.m */; };
		FAEFA1E0215C3D2B00FADBD5 /* MyRowListViewController.m in Sources */ = {isa = PBXBuildFile; fileRef = FAEFA1DF215C3D2B00FADBD5 /* MyRowListViewController.m */; };
/* End PBXBuildFile section */

/* Begin PBXFileReference section */
		014C654B1FD6E1E824BC5533 /* Pods-TestApplication.debug.xcconfig */ = {isa = PBXFileReference; includeInIndex = 1; lastKnownFileType = text.xcconfig; name = "Pods-TestApplication.debug.xcconfig"; path = "Pods/Target Support Files/Pods-TestApplication/Pods-TestApplication.debug.xcconfig"; sourceTree = "<group>"; };
		0F3B74F11CD2539200E8F8C1 /* TestApplication.app */ = {isa = PBXFileReference; explicitFileType = wrapper.application; includeInIndex = 0; path = TestApplication.app; sourceTree = BUILT_PRODUCTS_DIR; };
		0F3B74F51CD2539200E8F8C1 /* main.m */ = {isa = PBXFileReference; lastKnownFileType = sourcecode.c.objc; path = main.m; sourceTree = "<group>"; };
		0F3B74F71CD2539200E8F8C1 /* AppDelegate.h */ = {isa = PBXFileReference; lastKnownFileType = sourcecode.c.h; path = AppDelegate.h; sourceTree = "<group>"; };
		0F3B74F81CD2539200E8F8C1 /* AppDelegate.m */ = {isa = PBXFileReference; lastKnownFileType = sourcecode.c.objc; lineEnding = 0; path = AppDelegate.m; sourceTree = "<group>"; xcLanguageSpecificationIdentifier = xcode.lang.objc; };
		0F3B75001CD2539200E8F8C1 /* Assets.xcassets */ = {isa = PBXFileReference; lastKnownFileType = folder.assetcatalog; path = Assets.xcassets; sourceTree = "<group>"; };
		0F3B75031CD2539200E8F8C1 /* Base */ = {isa = PBXFileReference; lastKnownFileType = file.storyboard; name = Base; path = Base.lproj/LaunchScreen.storyboard; sourceTree = "<group>"; };
		0F3B75051CD2539200E8F8C1 /* Info.plist */ = {isa = PBXFileReference; lastKnownFileType = text.plist.xml; path = Info.plist; sourceTree = "<group>"; };
		5A5A0CE42F2D5A6632CA2491 /* libPods-TestApplication.a */ = {isa = PBXFileReference; explicitFileType = archive.ar; includeInIndex = 0; path = "libPods-TestApplication.a"; sourceTree = BUILT_PRODUCTS_DIR; };
		77EF00D7FE6D7F73C654B05D /* Pods-TestApplication.release.xcconfig */ = {isa = PBXFileReference; includeInIndex = 1; lastKnownFileType = text.xcconfig; name = "Pods-TestApplication.release.xcconfig"; path = "Pods/Target Support Files/Pods-TestApplication/Pods-TestApplication.release.xcconfig"; sourceTree = "<group>"; };
		FAEFA1D8215C35F700FADBD5 /* MyRow.h */ = {isa = PBXFileReference; fileEncoding = 4; lastKnownFileType = sourcecode.c.h; path = MyRow.h; sourceTree = "<group>"; };
		FAEFA1D9215C35F700FADBD5 /* MyRow.m */ = {isa = PBXFileReference; fileEncoding = 4; lastKnownFileType = sourcecode.c.objc; path = MyRow.m; sourceTree = "<group>"; };
		FAEFA1DB215C37AD00FADBD5 /* MyRowListViewModel.h */ = {isa = PBXFileReference; lastKnownFileType = sourcecode.c.h; path = MyRowListViewModel.h; sourceTree = "<group>"; };
		FAEFA1DC215C37AD00FADBD5 /* MyRowListViewModel.m */ = {isa = PBXFileReference; lastKnownFileType = sourcecode.c.objc; path = MyRowListViewModel.m; sourceTree = "<group>"; };
		FAEFA1DE215C3D2B00FADBD5 /* MyRowListViewController.h */ = {isa = PBXFileReference; lastKnownFileType = sourcecode.c.h; path = MyRowListViewController.h; sourceTree = "<group>"; };
		FAEFA1DF215C3D2B00FADBD5 /* MyRowListViewController.m */ = {isa = PBXFileReference; lastKnownFileType = sourcecode.c.objc; path = MyRowListViewController.m; sourceTree = "<group>"; };
/* End PBXFileReference section */

/* Begin PBXFrameworksBuildPhase section */
		0F3B74EE1CD2539200E8F8C1 /* Frameworks */ = {
			isa = PBXFrameworksBuildPhase;
			buildActionMask = 2147483647;
			files = (
				B09A172BCF4D9675933348A0 /* libPods-TestApplication.a in Frameworks */,
			);
			runOnlyForDeploymentPostprocessing = 0;
		};
/* End PBXFrameworksBuildPhase section */

/* Begin PBXGroup section */
		0F3B74E81CD2539200E8F8C1 = {
			isa = PBXGroup;
			children = (
				0F3B74F31CD2539200E8F8C1 /* TestApplication */,
				0F3B74F21CD2539200E8F8C1 /* Products */,
				273B24687078ED944930FE70 /* Pods */,
				ED6FCFF4F6631000F035604A /* Frameworks */,
			);
			sourceTree = "<group>";
		};
		0F3B74F21CD2539200E8F8C1 /* Products */ = {
			isa = PBXGroup;
			children = (
				0F3B74F11CD2539200E8F8C1 /* TestApplication.app */,
			);
			name = Products;
			sourceTree = "<group>";
		};
		0F3B74F31CD2539200E8F8C1 /* TestApplication */ = {
			isa = PBXGroup;
			children = (
				0F3B74F71CD2539200E8F8C1 /* AppDelegate.h */,
				0F3B74F81CD2539200E8F8C1 /* AppDelegate.m */,
				0F3B75191CD25BFA00E8F8C1 /* Views */,
				0F3B751E1CD26D2800E8F8C1 /* ViewModels */,
				5BAD5E371CD7774B00014109 /* Models */,
				0F3B75001CD2539200E8F8C1 /* Assets.xcassets */,
				0F3B75021CD2539200E8F8C1 /* LaunchScreen.storyboard */,
				0F3B75051CD2539200E8F8C1 /* Info.plist */,
				0F3B74F41CD2539200E8F8C1 /* Supporting Files */,
			);
			path = TestApplication;
			sourceTree = "<group>";
		};
		0F3B74F41CD2539200E8F8C1 /* Supporting Files */ = {
			isa = PBXGroup;
			children = (
				0F3B74F51CD2539200E8F8C1 /* main.m */,
			);
			name = "Supporting Files";
			sourceTree = "<group>";
		};
		0F3B75191CD25BFA00E8F8C1 /* Views */ = {
			isa = PBXGroup;
			children = (
				FAEFA1DE215C3D2B00FADBD5 /* MyRowListViewController.h */,
				FAEFA1DF215C3D2B00FADBD5 /* MyRowListViewController.m */,
			);
			path = Views;
			sourceTree = "<group>";
		};
		0F3B751E1CD26D2800E8F8C1 /* ViewModels */ = {
			isa = PBXGroup;
			children = (
				FAEFA1DB215C37AD00FADBD5 /* MyRowListViewModel.h */,
				FAEFA1DC215C37AD00FADBD5 /* MyRowListViewModel.m */,
			);
			path = ViewModels;
			sourceTree = "<group>";
		};
		273B24687078ED944930FE70 /* Pods */ = {
			isa = PBXGroup;
			children = (
				014C654B1FD6E1E824BC5533 /* Pods-TestApplication.debug.xcconfig */,
				77EF00D7FE6D7F73C654B05D /* Pods-TestApplication.release.xcconfig */,
			);
			name = Pods;
			sourceTree = "<group>";
		};
		5BAD5E371CD7774B00014109 /* Models */ = {
			isa = PBXGroup;
			children = (
				FAEFA1D8215C35F700FADBD5 /* MyRow.h */,
				FAEFA1D9215C35F700FADBD5 /* MyRow.m */,
			);
			path = Models;
			sourceTree = "<group>";
		};
		ED6FCFF4F6631000F035604A /* Frameworks */ = {
			isa = PBXGroup;
			children = (
				5A5A0CE42F2D5A6632CA2491 /* libPods-TestApplication.a */,
			);
			name = Frameworks;
			sourceTree = "<group>";
		};
/* End PBXGroup section */

/* Begin PBXNativeTarget section */
		0F3B74F01CD2539200E8F8C1 /* TestApplication */ = {
			isa = PBXNativeTarget;
			buildConfigurationList = 0F3B75131CD2539200E8F8C1 /* Build configuration list for PBXNativeTarget "TestApplication" */;
			buildPhases = (
				28F76DEDCCF96B95E8D40F7C /* [CP] Check Pods Manifest.lock */,
				0F3B74ED1CD2539200E8F8C1 /* Sources */,
				0F3B74EE1CD2539200E8F8C1 /* Frameworks */,
				0F3B74EF1CD2539200E8F8C1 /* Resources */,
				BFB4B50CEA70F3B9E9277A43 /* [CP] Embed Pods Frameworks */,
				E66686B3A45234EC5F139665 /* [CP] Copy Pods Resources */,
			);
			buildRules = (
			);
			dependencies = (
			);
			name = TestApplication;
			productName = MVVMExample;
			productReference = 0F3B74F11CD2539200E8F8C1 /* TestApplication.app */;
			productType = "com.apple.product-type.application";
		};
/* End PBXNativeTarget section */

/* Begin PBXProject section */
		0F3B74E91CD2539200E8F8C1 /* Project object */ = {
			isa = PBXProject;
			attributes = {
				LastUpgradeCheck = 0730;
				ORGANIZATIONNAME = Futurice;
				TargetAttributes = {
					0F3B74F01CD2539200E8F8C1 = {
						CreatedOnToolsVersion = 7.3;
						DevelopmentTeam = HPPU73C57K;
					};
				};
			};
			buildConfigurationList = 0F3B74EC1CD2539200E8F8C1 /* Build configuration list for PBXProject "TestApplication" */;
			compatibilityVersion = "Xcode 3.2";
			developmentRegion = English;
			hasScannedForEncodings = 0;
			knownRegions = (
				en,
				Base,
			);
			mainGroup = 0F3B74E81CD2539200E8F8C1;
			productRefGroup = 0F3B74F21CD2539200E8F8C1 /* Products */;
			projectDirPath = "";
			projectRoot = "";
			targets = (
				0F3B74F01CD2539200E8F8C1 /* TestApplication */,
			);
		};
/* End PBXProject section */

/* Begin PBXResourcesBuildPhase section */
		0F3B74EF1CD2539200E8F8C1 /* Resources */ = {
			isa = PBXResourcesBuildPhase;
			buildActionMask = 2147483647;
			files = (
				0F3B75041CD2539200E8F8C1 /* LaunchScreen.storyboard in Resources */,
				0F3B75011CD2539200E8F8C1 /* Assets.xcassets in Resources */,
			);
			runOnlyForDeploymentPostprocessing = 0;
		};
/* End PBXResourcesBuildPhase section */

/* Begin PBXShellScriptBuildPhase section */
		28F76DEDCCF96B95E8D40F7C /* [CP] Check Pods Manifest.lock */ = {
			isa = PBXShellScriptBuildPhase;
			buildActionMask = 2147483647;
			files = (
			);
			inputPaths = (
				"${PODS_PODFILE_DIR_PATH}/Podfile.lock",
				"${PODS_ROOT}/Manifest.lock",
			);
			name = "[CP] Check Pods Manifest.lock";
			outputPaths = (
				"$(DERIVED_FILE_DIR)/Pods-TestApplication-checkManifestLockResult.txt",
			);
			runOnlyForDeploymentPostprocessing = 0;
			shellPath = /bin/sh;
			shellScript = "diff \"${PODS_PODFILE_DIR_PATH}/Podfile.lock\" \"${PODS_ROOT}/Manifest.lock\" > /dev/null\nif [ $? != 0 ] ; then\n    # print error to STDERR\n    echo \"error: The sandbox is not in sync with the Podfile.lock. Run 'pod install' or update your CocoaPods installation.\" >&2\n    exit 1\nfi\n# This output is used by Xcode 'outputs' to avoid re-running this script phase.\necho \"SUCCESS\" > \"${SCRIPT_OUTPUT_FILE_0}\"\n";
			showEnvVarsInLog = 0;
		};
		BFB4B50CEA70F3B9E9277A43 /* [CP] Embed Pods Frameworks */ = {
			isa = PBXShellScriptBuildPhase;
			buildActionMask = 2147483647;
			files = (
			);
			inputPaths = (
			);
			name = "[CP] Embed Pods Frameworks";
			outputPaths = (
			);
			runOnlyForDeploymentPostprocessing = 0;
			shellPath = /bin/sh;
			shellScript = "\"${SRCROOT}/Pods/Target Support Files/Pods-TestApplication/Pods-TestApplication-frameworks.sh\"\n";
			showEnvVarsInLog = 0;
		};
		E66686B3A45234EC5F139665 /* [CP] Copy Pods Resources */ = {
			isa = PBXShellScriptBuildPhase;
			buildActionMask = 2147483647;
			files = (
			);
			inputPaths = (
			);
			name = "[CP] Copy Pods Resources";
			outputPaths = (
			);
			runOnlyForDeploymentPostprocessing = 0;
			shellPath = /bin/sh;
			shellScript = "\"${SRCROOT}/Pods/Target Support Files/Pods-TestApplication/Pods-TestApplication-resources.sh\"\n";
			showEnvVarsInLog = 0;
		};
/* End PBXShellScriptBuildPhase section */

/* Begin PBXSourcesBuildPhase section */
		0F3B74ED1CD2539200E8F8C1 /* Sources */ = {
			isa = PBXSourcesBuildPhase;
			buildActionMask = 2147483647;
			files = (
				FAEFA1DA215C35F800FADBD5 /* MyRow.m in Sources */,
				FAEFA1DD215C37AD00FADBD5 /* MyRowListViewModel.m in Sources */,
				FAEFA1E0215C3D2B00FADBD5 /* MyRowListViewController.m in Sources */,
				0F3B74F91CD2539200E8F8C1 /* AppDelegate.m in Sources */,
				0F3B74F61CD2539200E8F8C1 /* main.m in Sources */,
			);
			runOnlyForDeploymentPostprocessing = 0;
		};
/* End PBXSourcesBuildPhase section */

/* Begin PBXVariantGroup section */
		0F3B75021CD2539200E8F8C1 /* LaunchScreen.storyboard */ = {
			isa = PBXVariantGroup;
			children = (
				0F3B75031CD2539200E8F8C1 /* Base */,
			);
			name = LaunchScreen.storyboard;
			sourceTree = "<group>";
		};
/* End PBXVariantGroup section */

/* Begin XCBuildConfiguration section */
		0F3B75111CD2539200E8F8C1 /* Debug */ = {
			isa = XCBuildConfiguration;
			buildSettings = {
				ALWAYS_SEARCH_USER_PATHS = NO;
				CLANG_ANALYZER_NONNULL = YES;
				CLANG_CXX_LANGUAGE_STANDARD = "gnu++0x";
				CLANG_CXX_LIBRARY = "libc++";
				CLANG_ENABLE_MODULES = YES;
				CLANG_ENABLE_OBJC_ARC = YES;
				CLANG_WARN_BOOL_CONVERSION = YES;
				CLANG_WARN_CONSTANT_CONVERSION = YES;
				CLANG_WARN_DIRECT_OBJC_ISA_USAGE = YES_ERROR;
				CLANG_WARN_EMPTY_BODY = YES;
				CLANG_WARN_ENUM_CONVERSION = YES;
				CLANG_WARN_INT_CONVERSION = YES;
				CLANG_WARN_OBJC_ROOT_CLASS = YES_ERROR;
				CLANG_WARN_UNREACHABLE_CODE = YES;
				CLANG_WARN__DUPLICATE_METHOD_MATCH = YES;
				"CODE_SIGN_IDENTITY[sdk=iphoneos*]" = "iPhone Developer";
				COPY_PHASE_STRIP = NO;
				DEBUG_INFORMATION_FORMAT = dwarf;
				ENABLE_STRICT_OBJC_MSGSEND = YES;
				ENABLE_TESTABILITY = YES;
				GCC_C_LANGUAGE_STANDARD = gnu99;
				GCC_DYNAMIC_NO_PIC = NO;
				GCC_NO_COMMON_BLOCKS = YES;
				GCC_OPTIMIZATION_LEVEL = 0;
				GCC_PREPROCESSOR_DEFINITIONS = (
					"DEBUG=1",
					"$(inherited)",
				);
				GCC_WARN_64_TO_32_BIT_CONVERSION = YES;
				GCC_WARN_ABOUT_RETURN_TYPE = YES_ERROR;
				GCC_WARN_UNDECLARED_SELECTOR = YES;
				GCC_WARN_UNINITIALIZED_AUTOS = YES_AGGRESSIVE;
				GCC_WARN_UNUSED_FUNCTION = YES;
				GCC_WARN_UNUSED_VARIABLE = YES;
				IPHONEOS_DEPLOYMENT_TARGET = 12.0;
				MTL_ENABLE_DEBUG_INFO = YES;
				ONLY_ACTIVE_ARCH = YES;
				SDKROOT = iphoneos;
			};
			name = Debug;
		};
		0F3B75121CD2539200E8F8C1 /* Release */ = {
			isa = XCBuildConfiguration;
			buildSettings = {
				ALWAYS_SEARCH_USER_PATHS = NO;
				CLANG_ANALYZER_NONNULL = YES;
				CLANG_CXX_LANGUAGE_STANDARD = "gnu++0x";
				CLANG_CXX_LIBRARY = "libc++";
				CLANG_ENABLE_MODULES = YES;
				CLANG_ENABLE_OBJC_ARC = YES;
				CLANG_WARN_BOOL_CONVERSION = YES;
				CLANG_WARN_CONSTANT_CONVERSION = YES;
				CLANG_WARN_DIRECT_OBJC_ISA_USAGE = YES_ERROR;
				CLANG_WARN_EMPTY_BODY = YES;
				CLANG_WARN_ENUM_CONVERSION = YES;
				CLANG_WARN_INT_CONVERSION = YES;
				CLANG_WARN_OBJC_ROOT_CLASS = YES_ERROR;
				CLANG_WARN_UNREACHABLE_CODE = YES;
				CLANG_WARN__DUPLICATE_METHOD_MATCH = YES;
				"CODE_SIGN_IDENTITY[sdk=iphoneos*]" = "iPhone Developer";
				COPY_PHASE_STRIP = NO;
				DEBUG_INFORMATION_FORMAT = "dwarf-with-dsym";
				ENABLE_NS_ASSERTIONS = NO;
				ENABLE_STRICT_OBJC_MSGSEND = YES;
				GCC_C_LANGUAGE_STANDARD = gnu99;
				GCC_NO_COMMON_BLOCKS = YES;
				GCC_WARN_64_TO_32_BIT_CONVERSION = YES;
				GCC_WARN_ABOUT_RETURN_TYPE = YES_ERROR;
				GCC_WARN_UNDECLARED_SELECTOR = YES;
				GCC_WARN_UNINITIALIZED_AUTOS = YES_AGGRESSIVE;
				GCC_WARN_UNUSED_FUNCTION = YES;
				GCC_WARN_UNUSED_VARIABLE = YES;
				IPHONEOS_DEPLOYMENT_TARGET = 12.0;
				MTL_ENABLE_DEBUG_INFO = NO;
				SDKROOT = iphoneos;
				VALIDATE_PRODUCT = YES;
			};
			name = Release;
		};
		0F3B75141CD2539200E8F8C1 /* Debug */ = {
			isa = XCBuildConfiguration;
			baseConfigurationReference = 014C654B1FD6E1E824BC5533 /* Pods-TestApplication.debug.xcconfig */;
			buildSettings = {
				ASSETCATALOG_COMPILER_APPICON_NAME = AppIcon;
				DEVELOPMENT_TEAM = HPPU73C57K;
				INFOPLIST_FILE = TestApplication/Info.plist;
				LD_RUNPATH_SEARCH_PATHS = "$(inherited) @executable_path/Frameworks";
				PRODUCT_BUNDLE_IDENTIFIER = com.Bern.TestApplication;
				PRODUCT_NAME = "$(TARGET_NAME)";
			};
			name = Debug;
		};
		0F3B75151CD2539200E8F8C1 /* Release */ = {
			isa = XCBuildConfiguration;
			baseConfigurationReference = 77EF00D7FE6D7F73C654B05D /* Pods-TestApplication.release.xcconfig */;
			buildSettings = {
				ASSETCATALOG_COMPILER_APPICON_NAME = AppIcon;
				DEVELOPMENT_TEAM = HPPU73C57K;
				INFOPLIST_FILE = TestApplication/Info.plist;
				LD_RUNPATH_SEARCH_PATHS = "$(inherited) @executable_path/Frameworks";
				PRODUCT_BUNDLE_IDENTIFIER = com.Bern.TestApplication;
				PRODUCT_NAME = "$(TARGET_NAME)";
			};
			name = Release;
		};
/* End XCBuildConfiguration section */

/* Begin XCConfigurationList section */
		0F3B74EC1CD2539200E8F8C1 /* Build configuration list for PBXProject "TestApplication" */ = {
			isa = XCConfigurationList;
			buildConfigurations = (
				0F3B75111CD2539200E8F8C1 /* Debug */,
				0F3B75121CD2539200E8F8C1 /* Release */,
			);
			defaultConfigurationIsVisible = 0;
			defaultConfigurationName = Release;
		};
		0F3B75131CD2539200E8F8C1 /* Build configuration list for PBXNativeTarget "TestApplication" */ = {
			isa = XCConfigurationList;
			buildConfigurations = (
				0F3B75141CD2539200E8F8C1 /* Debug */,
				0F3B75151CD2539200E8F8C1 /* Release */,
			);
			defaultConfigurationIsVisible = 0;
			defaultConfigurationName = Release;
		};
/* End XCConfigurationList section */
	};
	rootObject = 0F3B74E91CD2539200E8F8C1 /* Project object */;
}
